
Microsoft Visual Studio Solution File, Format Version 12.00
# Visual Studio 15
VisualStudioVersion = 15.0.26228.4
MinimumVisualStudioVersion = 10.0.40219.1
Project("{FAE04EC0-301F-11D3-BF4B-00C04F79EFBC}") = "InfluentialUser", "InfluentialUser\InfluentialUser.csproj", "{65900A56-73B1-4A65-ABCE-904B33231100}"
EndProject
Project("{FAE04EC0-301F-11D3-BF4B-00C04F79EFBC}") = "TestCommon", "..\..\Common\TestCommon\TestCommon.csproj", "{C39FF0C4-6960-42AD-8E2C-D2CAFE850A52}"
EndProject
Project("{FAE04EC0-301F-11D3-BF4B-00C04F79EFBC}") = "InfluentialUserTests", "InfluentialUserTests\InfluentialUserTests.csproj", "{C022A23F-7104-44B9-BEDF-5609D84BA4E7}"
EndProject
Global
	GlobalSection(SolutionConfigurationPlatforms) = preSolution
		Debug|Any CPU = Debug|Any CPU
		Release|Any CPU = Release|Any CPU
	EndGlobalSection
	GlobalSection(ProjectConfigurationPlatforms) = postSolution
		{65900A56-73B1-4A65-ABCE-904B33231100}.Debug|Any CPU.ActiveCfg = Debug|Any CPU
		{65900A56-73B1-4A65-ABCE-904B33231100}.Debug|Any CPU.Build.0 = Debug|Any CPU
		{65900A56-73B1-4A65-ABCE-904B33231100}.Release|Any CPU.ActiveCfg = Release|Any CPU
		{65900A56-73B1-4A65-ABCE-904B33231100}.Release|Any CPU.Build.0 = Release|Any CPU
		{C39FF0C4-6960-42AD-8E2C-D2CAFE850A52}.Debug|Any CPU.ActiveCfg = Debug|Any CPU
		{C39FF0C4-6960-42AD-8E2C-D2CAFE850A52}.Debug|Any CPU.Build.0 = Debug|Any CPU
		{C39FF0C4-6960-42AD-8E2C-D2CAFE850A52}.Release|Any CPU.ActiveCfg = Release|Any CPU
		{C39FF0C4-6960-42AD-8E2C-D2CAFE850A52}.Release|Any CPU.Build.0 = Release|Any CPU
		{C022A23F-7104-44B9-BEDF-5609D84BA4E7}.Debug|Any CPU.ActiveCfg = Debug|Any CPU
		{C022A23F-7104-44B9-BEDF-5609D84BA4E7}.Debug|Any CPU.Build.0 = Debug|Any CPU
		{C022A23F-7104-44B9-BEDF-5609D84BA4E7}.Release|Any CPU.ActiveCfg = Release|Any CPU
		{C022A23F-7104-44B9-BEDF-5609D84BA4E7}.Release|Any CPU.Build.0 = Release|Any CPU
	EndGlobalSection
	GlobalSection(SolutionProperties) = preSolution
		HideSolutionNode = FALSE
	EndGlobalSection
EndGlobal
